// !$*UTF8*$!
{
	archiveVersion = 1;
	classes = {
	};
	objectVersion = 50;
	objects = {

/* Begin PBXBuildFile section */
		B5656DB0243B0BAD003D5424 /* AppDelegate.m in Sources */ = {isa = PBXBuildFile; fileRef = B5656DAF243B0BAD003D5424 /* AppDelegate.m */; };
		B5656DB3243B0BAD003D5424 /* SceneDelegate.m in Sources */ = {isa = PBXBuildFile; fileRef = B5656DB2243B0BAD003D5424 /* SceneDelegate.m */; };
		B5656DB6243B0BAD003D5424 /* ViewController.m in Sources */ = {isa = PBXBuildFile; fileRef = B5656DB5243B0BAD003D5424 /* ViewController.m */; };
		B5656DB9243B0BAD003D5424 /* Main.storyboard in Resources */ = {isa = PBXBuildFile; fileRef = B5656DB7243B0BAD003D5424 /* Main.storyboard */; };
		B5656DBB243B0BAE003D5424 /* Assets.xcassets in Resources */ = {isa = PBXBuildFile; fileRef = B5656DBA243B0BAE003D5424 /* Assets.xcassets */; };
		B5656DBE243B0BAE003D5424 /* LaunchScreen.storyboard in Resources */ = {isa = PBXBuildFile; fileRef = B5656DBC243B0BAE003D5424 /* LaunchScreen.storyboard */; };
		B5656DC1243B0BAE003D5424 /* main.m in Sources */ = {isa = PBXBuildFile; fileRef = B5656DC0243B0BAE003D5424 /* main.m */; };
		B5656DC9243B0BCB003D5424 /* RootViewController.m in Sources */ = {isa = PBXBuildFile; fileRef = B5656DC8243B0BCB003D5424 /* RootViewController.m */; };
/* End PBXBuildFile section */

/* Begin PBXFileReference section */
		B5656DAB243B0BAD003D5424 /* YC_ToastLight.app */ = {isa = PBXFileReference; explicitFileType = wrapper.application; includeInIndex = 0; path = YC_ToastLight.app; sourceTree = BUILT_PRODUCTS_DIR; };
		B5656DAE243B0BAD003D5424 /* AppDelegate.h */ = {isa = PBXFileReference; lastKnownFileType = sourcecode.c.h; path = AppDelegate.h; sourceTree = "<group>"; };
		B5656DAF243B0BAD003D5424 /* AppDelegate.m */ = {isa = PBXFileReference; lastKnownFileType = sourcecode.c.objc; path = AppDelegate.m; sourceTree = "<group>"; };
		B5656DB1243B0BAD003D5424 /* SceneDelegate.h */ = {isa = PBXFileReference; lastKnownFileType = sourcecode.c.h; path = SceneDelegate.h; sourceTree = "<group>"; };
		B5656DB2243B0BAD003D5424 /* SceneDelegate.m */ = {isa = PBXFileReference; lastKnownFileType = sourcecode.c.objc; path = SceneDelegate.m; sourceTree = "<group>"; };
		B5656DB4243B0BAD003D5424 /* ViewController.h */ = {isa = PBXFileReference; lastKnownFileType = sourcecode.c.h; path = ViewController.h; sourceTree = "<group>"; };
		B5656DB5243B0BAD003D5424 /* ViewController.m */ = {isa = PBXFileReference; lastKnownFileType = sourcecode.c.objc; path = ViewController.m; sourceTree = "<group>"; };
		B5656DB8243B0BAD003D5424 /* Base */ = {isa = PBXFileReference; lastKnownFileType = file.storyboard; name = Base; path = Base.lproj/Main.storyboard; sourceTree = "<group>"; };
		B5656DBA243B0BAE003D5424 /* Assets.xcassets */ = {isa = PBXFileReference; lastKnownFileType = folder.assetcatalog; path = Assets.xcassets; sourceTree = "<group>"; };
		B5656DBD243B0BAE003D5424 /* Base */ = {isa = PBXFileReference; lastKnownFileType = file.storyboard; name = Base; path = Base.lproj/LaunchScreen.storyboard; sourceTree = "<group>"; };
		B5656DBF243B0BAE003D5424 /* Info.plist */ = {isa = PBXFileReference; lastKnownFileType = text.plist.xml; path = Info.plist; sourceTree = "<group>"; };
		B5656DC0243B0BAE003D5424 /* main.m */ = {isa = PBXFileReference; lastKnownFileType = sourcecode.c.objc; path = main.m; sourceTree = "<group>"; };
		B5656DC7243B0BCB003D5424 /* RootViewController.h */ = {isa = PBXFileReference; lastKnownFileType = sourcecode.c.h; path = RootViewController.h; sourceTree = "<group>"; };
		B5656DC8243B0BCB003D5424 /* RootViewController.m */ = {isa = PBXFileReference; lastKnownFileType = sourcecode.c.objc; path = RootViewController.m; sourceTree = "<group>"; };
/* End PBXFileReference section */

/* Begin PBXFrameworksBuildPhase section */
		B5656DA8243B0BAD003D5424 /* Frameworks */ = {
			isa = PBXFrameworksBuildPhase;
			buildActionMask = 2147483647;
			files = (
			);
			runOnlyForDeploymentPostprocessing = 0;
		};
/* End PBXFrameworksBuildPhase section */

/* Begin PBXGroup section */
		B5656DA2243B0BAD003D5424 = {
			isa = PBXGroup;
			children = (
				B5656DAD243B0BAD003D5424 /* YC_ToastLight */,
				B5656DAC243B0BAD003D5424 /* Products */,
			);
			sourceTree = "<group>";
		};
		B5656DAC243B0BAD003D5424 /* Products */ = {
			isa = PBXGroup;
			children = (
				B5656DAB243B0BAD003D5424 /* YC_ToastLight.app */,
			);
			name = Products;
			sourceTree = "<group>";
		};
		B5656DAD243B0BAD003D5424 /* YC_ToastLight */ = {
			isa = PBXGroup;
			children = (
				B5656DAE243B0BAD003D5424 /* AppDelegate.h */,
				B5656DAF243B0BAD003D5424 /* AppDelegate.m */,
				B5656DB1243B0BAD003D5424 /* SceneDelegate.h */,
				B5656DC7243B0BCB003D5424 /* RootViewController.h */,
				B5656DC8243B0BCB003D5424 /* RootViewController.m */,
				B5656DB2243B0BAD003D5424 /* SceneDelegate.m */,
				B5656DB5243B0BAD003D5424 /* ViewController.m */,
				B5656DB4243B0BAD003D5424 /* ViewController.h */,
				B5656DB7243B0BAD003D5424 /* Main.storyboard */,
				B5656DBA243B0BAE003D5424 /* Assets.xcassets */,
				B5656DBC243B0BAE003D5424 /* LaunchScreen.storyboard */,
				B5656DBF243B0BAE003D5424 /* Info.plist */,
				B5656DC0243B0BAE003D5424 /* main.m */,
			);
			path = YC_ToastLight;
			sourceTree = "<group>";
		};
/* End PBXGroup section */

/* Begin PBXNativeTarget section */
		B5656DAA243B0BAD003D5424 /* YC_ToastLight */ = {
			isa = PBXNativeTarget;
			buildConfigurationList = B5656DC4243B0BAE003D5424 /* Build configuration list for PBXNativeTarget "YC_ToastLight" */;
			buildPhases = (
				B5656DA7243B0BAD003D5424 /* Sources */,
				B5656DA8243B0BAD003D5424 /* Frameworks */,
				B5656DA9243B0BAD003D5424 /* Resources */,
			);
			buildRules = (
			);
			dependencies = (
			);
			name = YC_ToastLight;
			productName = YC_ToastLight;
			productReference = B5656DAB243B0BAD003D5424 /* YC_ToastLight.app */;
			productType = "com.apple.product-type.application";
		};
/* End PBXNativeTarget section */

/* Begin PBXProject section */
		B5656DA3243B0BAD003D5424 /* Project object */ = {
			isa = PBXProject;
			attributes = {
				LastUpgradeCheck = 1140;
				ORGANIZATIONNAME = Ben;
				TargetAttributes = {
					B5656DAA243B0BAD003D5424 = {
						CreatedOnToolsVersion = 11.4;
					};
				};
			};
			buildConfigurationList = B5656DA6243B0BAD003D5424 /* Build configuration list for PBXProject "YC_ToastLight" */;
			compatibilityVersion = "Xcode 9.3";
			developmentRegion = en;
			hasScannedForEncodings = 0;
			knownRegions = (
				en,
				Base,
			);
			mainGroup = B5656DA2243B0BAD003D5424;
			productRefGroup = B5656DAC243B0BAD003D5424 /* Products */;
			projectDirPath = "";
			projectRoot = "";
			targets = (
				B5656DAA243B0BAD003D5424 /* YC_ToastLight */,
			);
		};
/* End PBXProject section */

/* Begin PBXResourcesBuildPhase section */
		B5656DA9243B0BAD003D5424 /* Resources */ = {
			isa = PBXResourcesBuildPhase;
			buildActionMask = 2147483647;
			files = (
				B5656DBE243B0BAE003D5424 /* LaunchScreen.storyboard in Resources */,
				B5656DBB243B0BAE003D5424 /* Assets.xcassets in Resources */,
				B5656DB9243B0BAD003D5424 /* Main.storyboard in Resources */,
			);
			runOnlyForDeploymentPostprocessing = 0;
		};
/* End PBXResourcesBuildPhase section */

/* Begin PBXSourcesBuildPhase section */
		B5656DA7243B0BAD003D5424 /* Sources */ = {
			isa = PBXSourcesBuildPhase;
			buildActionMask = 2147483647;
			files = (
				B5656DB6243B0BAD003D5424 /* ViewController.m in Sources */,
				B5656DB0243B0BAD003D5424 /* AppDelegate.m in Sources */,
				B5656DC1243B0BAE003D5424 /* main.m in Sources */,
				B5656DB3243B0BAD003D5424 /* SceneDelegate.m in Sources */,
				B5656DC9243B0BCB003D5424 /* RootViewController.m in Sources */,
			);
			runOnlyForDeploymentPostprocessing = 0;
		};
/* End PBXSourcesBuildPhase section */

/* Begin PBXVariantGroup section */
		B5656DB7243B0BAD003D5424 /* Main.storyboard */ = {
			isa = PBXVariantGroup;
			children = (
				B5656DB8243B0BAD003D5424 /* Base */,
			);
			name = Main.storyboard;
			sourceTree = "<group>";
		};
		B5656DBC243B0BAE003D5424 /* LaunchScreen.storyboard */ = {
			isa = PBXVariantGroup;
			children = (
				B5656DBD243B0BAE003D5424 /* Base */,
			);
			name = LaunchScreen.storyboard;
			sourceTree = "<group>";
		};
/* End PBXVariantGroup section */

/* Begin XCBuildConfiguration section */
		B5656DC2243B0BAE003D5424 /* Debug */ = {
			isa = XCBuildConfiguration;
			buildSettings = {
				ALWAYS_SEARCH_USER_PATHS = NO;
				CLANG_ANALYZER_NONNULL = YES;
				CLANG_ANALYZER_NUMBER_OBJECT_CONVERSION = YES_AGGRESSIVE;
				CLANG_CXX_LANGUAGE_STANDARD = "gnu++14";
				CLANG_CXX_LIBRARY = "libc++";
				CLANG_ENABLE_MODULES = YES;
				CLANG_ENABLE_OBJC_ARC = YES;
				CLANG_ENABLE_OBJC_WEAK = YES;
				CLANG_WARN_BLOCK_CAPTURE_AUTORELEASING = YES;
				CLANG_WARN_BOOL_CONVERSION = YES;
				CLANG_WARN_COMMA = YES;
				CLANG_WARN_CONSTANT_CONVERSION = YES;
				CLANG_WARN_DEPRECATED_OBJC_IMPLEMENTATIONS = YES;
				CLANG_WARN_DIRECT_OBJC_ISA_USAGE = YES_ERROR;
				CLANG_WARN_DOCUMENTATION_COMMENTS = YES;
				CLANG_WARN_EMPTY_BODY = YES;
				CLANG_WARN_ENUM_CONVERSION = YES;
				CLANG_WARN_INFINITE_RECURSION = YES;
				CLANG_WARN_INT_CONVERSION = YES;
				CLANG_WARN_NON_LITERAL_NULL_CONVERSION = YES;
				CLANG_WARN_OBJC_IMPLICIT_RETAIN_SELF = YES;
				CLANG_WARN_OBJC_LITERAL_CONVERSION = YES;
				CLANG_WARN_OBJC_ROOT_CLASS = YES_ERROR;
				CLANG_WARN_RANGE_LOOP_ANALYSIS = YES;
				CLANG_WARN_STRICT_PROTOTYPES = YES;
				CLANG_WARN_SUSPICIOUS_MOVE = YES;
				CLANG_WARN_UNGUARDED_AVAILABILITY = YES_AGGRESSIVE;
				CLANG_WARN_UNREACHABLE_CODE = YES;
				CLANG_WARN__DUPLICATE_METHOD_MATCH = YES;
				COPY_PHASE_STRIP = NO;
				DEBUG_INFORMATION_FORMAT = dwarf;
				ENABLE_STRICT_OBJC_MSGSEND = YES;
				ENABLE_TESTABILITY = YES;
				GCC_C_LANGUAGE_STANDARD = gnu11;
				GCC_DYNAMIC_NO_PIC = NO;
				GCC_NO_COMMON_BLOCKS = YES;
				GCC_OPTIMIZATION_LEVEL = 0;
				GCC_PREPROCESSOR_DEFINITIONS = (
					"DEBUG=1",
					"$(inherited)",
				);
				GCC_WARN_64_TO_32_BIT_CONVERSION = YES;
				GCC_WARN_ABOUT_RETURN_TYPE = YES_ERROR;
				GCC_WARN_UNDECLARED_SELECTOR = YES;
				GCC_WARN_UNINITIALIZED_AUTOS = YES_AGGRESSIVE;
				GCC_WARN_UNUSED_FUNCTION = YES;
				GCC_WARN_UNUSED_VARIABLE = YES;
				IPHONEOS_DEPLOYMENT_TARGET = 13.4;
				MTL_ENABLE_DEBUG_INFO = INCLUDE_SOURCE;
				MTL_FAST_MATH = YES;
				ONLY_ACTIVE_ARCH = YES;
				SDKROOT = iphoneos;
			};
			name = Debug;
		};
		B5656DC3243B0BAE003D5424 /* Release */ = {
			isa = XCBuildConfiguration;
			buildSettings = {
				ALWAYS_SEARCH_USER_PATHS = NO;
				CLANG_ANALYZER_NONNULL = YES;
				CLANG_ANALYZER_NUMBER_OBJECT_CONVERSION = YES_AGGRESSIVE;
				CLANG_CXX_LANGUAGE_STANDARD = "gnu++14";
				CLANG_CXX_LIBRARY = "libc++";
				CLANG_ENABLE_MODULES = YES;
				CLANG_ENABLE_OBJC_ARC = YES;
				CLANG_ENABLE_OBJC_WEAK = YES;
				CLANG_WARN_BLOCK_CAPTURE_AUTORELEASING = YES;
				CLANG_WARN_BOOL_CONVERSION = YES;
				CLANG_WARN_COMMA = YES;
				CLANG_WARN_CONSTANT_CONVERSION = YES;
				CLANG_WARN_DEPRECATED_OBJC_IMPLEMENTATIONS = YES;
				CLANG_WARN_DIRECT_OBJC_ISA_USAGE = YES_ERROR;
				CLANG_WARN_DOCUMENTATION_COMMENTS = YES;
				CLANG_WARN_EMPTY_BODY = YES;
				CLANG_WARN_ENUM_CONVERSION = YES;
				CLANG_WARN_INFINITE_RECURSION = YES;
				CLANG_WARN_INT_CONVERSION = YES;
				CLANG_WARN_NON_LITERAL_NULL_CONVERSION = YES;
				CLANG_WARN_OBJC_IMPLICIT_RETAIN_SELF = YES;
				CLANG_WARN_OBJC_LITERAL_CONVERSION = YES;
				CLANG_WARN_OBJC_ROOT_CLASS = YES_ERROR;
				CLANG_WARN_RANGE_LOOP_ANALYSIS = YES;
				CLANG_WARN_STRICT_PROTOTYPES = YES;
				CLANG_WARN_SUSPICIOUS_MOVE = YES;
				CLANG_WARN_UNGUARDED_AVAILABILITY = YES_AGGRESSIVE;
				CLANG_WARN_UNREACHABLE_CODE = YES;
				CLANG_WARN__DUPLICATE_METHOD_MATCH = YES;
				COPY_PHASE_STRIP = NO;
				DEBUG_INFORMATION_FORMAT = "dwarf-with-dsym";
				ENABLE_NS_ASSERTIONS = NO;
				ENABLE_STRICT_OBJC_MSGSEND = YES;
				GCC_C_LANGUAGE_STANDARD = gnu11;
				GCC_NO_COMMON_BLOCKS = YES;
				GCC_WARN_64_TO_32_BIT_CONVERSION = YES;
				GCC_WARN_ABOUT_RETURN_TYPE = YES_ERROR;
				GCC_WARN_UNDECLARED_SELECTOR = YES;
				GCC_WARN_UNINITIALIZED_AUTOS = YES_AGGRESSIVE;
				GCC_WARN_UNUSED_FUNCTION = YES;
				GCC_WARN_UNUSED_VARIABLE = YES;
				IPHONEOS_DEPLOYMENT_TARGET = 13.4;
				MTL_ENABLE_DEBUG_INFO = NO;
				MTL_FAST_MATH = YES;
				SDKROOT = iphoneos;
				VALIDATE_PRODUCT = YES;
			};
			name = Release;
		};
		B5656DC5243B0BAE003D5424 /* Debug */ = {
			isa = XCBuildConfiguration;
			buildSettings = {
				ASSETCATALOG_COMPILER_APPICON_NAME = AppIcon;
				CODE_SIGN_STYLE = Automatic;
				INFOPLIST_FILE = YC_ToastLight/Info.plist;
				LD_RUNPATH_SEARCH_PATHS = (
					"$(inherited)",
					"@executable_path/Frameworks",
				);
				PRODUCT_BUNDLE_IDENTIFIER = "com.ben.YC-ToastLight";
				PRODUCT_NAME = "$(TARGET_NAME)";
				TARGETED_DEVICE_FAMILY = "1,2";
			};
			name = Debug;
		};
		B5656DC6243B0BAE003D5424 /* Release */ = {
			isa = XCBuildConfiguration;
			buildSettings = {
				ASSETCATALOG_COMPILER_APPICON_NAME = AppIcon;
				CODE_SIGN_STYLE = Automatic;
				INFOPLIST_FILE = YC_ToastLight/Info.plist;
				LD_RUNPATH_SEARCH_PATHS = (
					"$(inherited)",
					"@executable_path/Frameworks",
				);
				PRODUCT_BUNDLE_IDENTIFIER = "com.ben.YC-ToastLight";
				PRODUCT_NAME = "$(TARGET_NAME)";
				TARGETED_DEVICE_FAMILY = "1,2";
			};
			name = Release;
		};
/* End XCBuildConfiguration section */

/* Begin XCConfigurationList section */
		B5656DA6243B0BAD003D5424 /* Build configuration list for PBXProject "YC_ToastLight" */ = {
			isa = XCConfigurationList;
			buildConfigurations = (
				B5656DC2243B0BAE003D5424 /* Debug */,
				B5656DC3243B0BAE003D5424 /* Release */,
			);
			defaultConfigurationIsVisible = 0;
			defaultConfigurationName = Release;
		};
		B5656DC4243B0BAE003D5424 /* Build configuration list for PBXNativeTarget "YC_ToastLight" */ = {
			isa = XCConfigurationList;
			buildConfigurations = (
				B5656DC5243B0BAE003D5424 /* Debug */,
				B5656DC6243B0BAE003D5424 /* Release */,
			);
			defaultConfigurationIsVisible = 0;
			defaultConfigurationName = Release;
		};
/* End XCConfigurationList section */
	};
	rootObject = B5656DA3243B0BAD003D5424 /* Project object */;
}
